
Microsoft Visual Studio Solution File, Format Version 12.00
# Visual Studio Version 17
VisualStudioVersion = 17.5.33627.172
MinimumVisualStudioVersion = 10.0.40219.1
Project("{2150E333-8FDC-42A3-9474-1A3956D46DE8}") = "Internal", "Internal", "{401D989C-C927-481C-9C1A-348839754EFE}"
EndProject
Project("{2150E333-8FDC-42A3-9474-1A3956D46DE8}") = "Scripts", "Scripts", "{6B881624-0EAF-4972-8901-154819406724}"
EndProject
Project("{2150E333-8FDC-42A3-9474-1A3956D46DE8}") = "Dlls", "Dlls", "{ACD479AA-F5E3-4DA2-AED7-D708A459C787}"
	ProjectSection(SolutionItems) = preProject
		Dlls\AboutThisFolder.md = Dlls\AboutThisFolder.md
	EndProjectSection
EndProject
Project("{2150E333-8FDC-42A3-9474-1A3956D46DE8}") = "CompanionFiles", "CompanionFiles", "{5D7FD75E-64A6-484E-A341-96E7B622ECC5}"
EndProject
Project("{2150E333-8FDC-42A3-9474-1A3956D46DE8}") = "Skyline DataMiner", "Skyline DataMiner", "{D19AF3FD-C236-4ADF-98CC-8EF854A9028A}"
	ProjectSection(SolutionItems) = preProject
		CompanionFiles\Skyline DataMiner\AboutThisFolder.md = CompanionFiles\Skyline DataMiner\AboutThisFolder.md
	EndProjectSection
EndProject
Project("{2150E333-8FDC-42A3-9474-1A3956D46DE8}") = "Documentation", "Documentation", "{159A0602-7F7D-4DA4-A359-3BDD1C6163C5}"
	ProjectSection(SolutionItems) = preProject
		Documentation\AboutThisFolder.md = Documentation\AboutThisFolder.md
		README.md = README.md
	EndProjectSection
EndProject
Project("{2150E333-8FDC-42A3-9474-1A3956D46DE8}") = "Code Analysis", "Code Analysis", "{D11093F4-A597-4603-8A08-7E40C1DB06EE}"
	ProjectSection(SolutionItems) = preProject
		Internal\Code Analysis\qaction-debug.ruleset = Internal\Code Analysis\qaction-debug.ruleset
		Internal\Code Analysis\qaction-release.ruleset = Internal\Code Analysis\qaction-release.ruleset
	EndProjectSection
EndProject
Project("{2150E333-8FDC-42A3-9474-1A3956D46DE8}") = "Empower session", "Empower session", "{F44E7A0E-765B-499F-B476-2EF540002EA9}"
	ProjectSection(SolutionItems) = preProject
		Empower session.xml = Empower session.xml
	EndProjectSection
EndProject
Project("{2150E333-8FDC-42A3-9474-1A3956D46DE8}") = "Actions", "Actions", "{EECA2E1F-5243-47D4-927B-9AC76FCD50EE}"
EndProject
Project("{FAE04EC0-301F-11D3-BF4B-00C04F79EFBC}") = "Empower session_1", "Empower session_1\Empower session_1.csproj", "{4AB2D3A9-4AF2-4AF7-8A98-82CBA91FD2A6}"
EndProject
Global
	GlobalSection(SolutionConfigurationPlatforms) = preSolution
		Debug|Any CPU = Debug|Any CPU
		Release|Any CPU = Release|Any CPU
	EndGlobalSection
	GlobalSection(ProjectConfigurationPlatforms) = postSolution
		{4AB2D3A9-4AF2-4AF7-8A98-82CBA91FD2A6}.Debug|Any CPU.ActiveCfg = Debug|Any CPU
		{4AB2D3A9-4AF2-4AF7-8A98-82CBA91FD2A6}.Debug|Any CPU.Build.0 = Debug|Any CPU
		{4AB2D3A9-4AF2-4AF7-8A98-82CBA91FD2A6}.Release|Any CPU.ActiveCfg = Release|Any CPU
		{4AB2D3A9-4AF2-4AF7-8A98-82CBA91FD2A6}.Release|Any CPU.Build.0 = Release|Any CPU
	EndGlobalSection
	GlobalSection(SolutionProperties) = preSolution
		HideSolutionNode = FALSE
	EndGlobalSection
	GlobalSection(NestedProjects) = preSolution
		{D19AF3FD-C236-4ADF-98CC-8EF854A9028A} = {5D7FD75E-64A6-484E-A341-96E7B622ECC5}
		{D11093F4-A597-4603-8A08-7E40C1DB06EE} = {401D989C-C927-481C-9C1A-348839754EFE}
		{F44E7A0E-765B-499F-B476-2EF540002EA9} = {6B881624-0EAF-4972-8901-154819406724}
		{EECA2E1F-5243-47D4-927B-9AC76FCD50EE} = {F44E7A0E-765B-499F-B476-2EF540002EA9}
		{4AB2D3A9-4AF2-4AF7-8A98-82CBA91FD2A6} = {EECA2E1F-5243-47D4-927B-9AC76FCD50EE}
	EndGlobalSection
	GlobalSection(ExtensibilityGlobals) = postSolution
		SolutionGuid = {10870A44-1549-459B-BB4C-FCFF1308E07A}
	EndGlobalSection
EndGlobal
